[[package]]
name = "array_tool"
version = "1.0.3"
source = "registry+https://github.com/rust-lang/crates.io-index"

[[package]]
name = "faster_path"
version = "0.0.1"
dependencies = [
 "array_tool 1.0.3 (registry+https://github.com/rust-lang/crates.io-index)",
 "lazy_static 1.0.0 (registry+https://github.com/rust-lang/crates.io-index)",
 "memchr 2.0.1 (registry+https://github.com/rust-lang/crates.io-index)",
 "ruby-sys 0.3.0 (git+https://github.com/danielpclark/ruby-sys?branch=playground)",
 "ruru 0.9.3 (git+https://github.com/danielpclark/ruru?branch=playground)",
]

[[package]]
name = "lazy_static"
version = "0.2.11"
source = "registry+https://github.com/rust-lang/crates.io-index"

[[package]]
name = "lazy_static"
version = "1.0.0"
source = "registry+https://github.com/rust-lang/crates.io-index"

[[package]]
name = "libc"
version = "0.2.39"
source = "registry+https://github.com/rust-lang/crates.io-index"

[[package]]
name = "memchr"
version = "2.0.1"
source = "registry+https://github.com/rust-lang/crates.io-index"
dependencies = [
 "libc 0.2.39 (registry+https://github.com/rust-lang/crates.io-index)",
]

[[package]]
name = "ruby-sys"
version = "0.3.0"
source = "git+https://github.com/danielpclark/ruby-sys?branch=playground#a3d47da5f9d1e597c62a8f03fb7d3a3596393c47"
dependencies = [
 "libc 0.2.39 (registry+https://github.com/rust-lang/crates.io-index)",
]

[[package]]
name = "ruru"
version = "0.9.3"
source = "git+https://github.com/danielpclark/ruru?branch=playground#ab84ad4b97c41bfe6fd6d0f8540b2efd77583561"
dependencies = [
 "lazy_static 0.2.11 (registry+https://github.com/rust-lang/crates.io-index)",
 "ruby-sys 0.3.0 (git+https://github.com/danielpclark/ruby-sys?branch=playground)",
]

[metadata]
"checksum array_tool 1.0.3 (registry+https://github.com/rust-lang/crates.io-index)" = "8f8cb5d814eb646a863c4f24978cff2880c4be96ad8cde2c0f0678732902e271"
"checksum lazy_static 0.2.11 (registry+https://github.com/rust-lang/crates.io-index)" = "76f033c7ad61445c5b347c7382dd1237847eb1bce590fe50365dcb33d546be73"
"checksum lazy_static 1.0.0 (registry+https://github.com/rust-lang/crates.io-index)" = "c8f31047daa365f19be14b47c29df4f7c3b581832407daabe6ae77397619237d"
"checksum libc 0.2.39 (registry+https://github.com/rust-lang/crates.io-index)" = "f54263ad99207254cf58b5f701ecb432c717445ea2ee8af387334bdd1a03fdff"
"checksum memchr 2.0.1 (registry+https://github.com/rust-lang/crates.io-index)" = "796fba70e76612589ed2ce7f45282f5af869e0fdd7cc6199fa1aa1f1d591ba9d"
"checksum ruby-sys 0.3.0 (git+https://github.com/danielpclark/ruby-sys?branch=playground)" = "<none>"
"checksum ruru 0.9.3 (git+https://github.com/danielpclark/ruru?branch=playground)" = "<none>"
